
Microsoft Visual Studio Solution File, Format Version 12.00
Project("{FAE04EC0-301F-11D3-BF4B-00C04F79EFBC}") = "QMKCustom", "QMKCustom\QMKCustom.csproj", "{E5EBEF97-CB8A-4D43-A6E7-13948AA8B44A}"
EndProject
Global
	GlobalSection(SolutionConfigurationPlatforms) = preSolution
		Debug|Any CPU = Debug|Any CPU
		Release|Any CPU = Release|Any CPU
	EndGlobalSection
	GlobalSection(ProjectConfigurationPlatforms) = postSolution
		{E5EBEF97-CB8A-4D43-A6E7-13948AA8B44A}.Debug|Any CPU.ActiveCfg = Debug|Any CPU
		{E5EBEF97-CB8A-4D43-A6E7-13948AA8B44A}.Debug|Any CPU.Build.0 = Debug|Any CPU
		{E5EBEF97-CB8A-4D43-A6E7-13948AA8B44A}.Release|Any CPU.ActiveCfg = Release|Any CPU
		{E5EBEF97-CB8A-4D43-A6E7-13948AA8B44A}.Release|Any CPU.Build.0 = Release|Any CPU
	EndGlobalSection
EndGlobal
